# This file is automatically @generated by Poetry and should not be changed by hand.

[[package]]
name = "certifi"
version = "2024.2.2"
description = "Python package for providing Mozilla's CA Bundle."
optional = false
python-versions = ">=3.6"
files = [
    {file = "certifi-2024.2.2-py3-none-any.whl", hash = "sha256:abc123"},
    {file = "certifi-2024.2.2.tar.gz", hash = "sha256:def456"},
]

[[package]]
name = "charset-normalizer"
version = "3.3.2"
description = "The Real First Universal Charset Detector."
optional = false
python-versions = ">=3.7.0"
files = []

[[package]]
name = "idna"
version = "3.7"
description = "Internationalized Domain Names in Applications (IDNA)."
optional = false
python-versions = ">=3.5"
files = []

[[package]]
name = "pytest"
version = "7.4.0"
description = "pytest: simple powerful testing with Python."
optional = false
python-versions = ">=3.7"
files = []
category = "dev"

[[package]]
name = "requests"
version = "2.31.0"
description = "Python HTTP for Humans."
optional = false
python-versions = ">=3.7"
files = []

[package.dependencies]
certifi = ">=2017.4.17"
charset-normalizer = ">=2,<4"
idna = ">=2.5,<4"
urllib3 = {version = ">=1.21.1,<1.27", optional = true}

[[package]]
name = "urllib3"
version = "2.2.1"
description = "HTTP library with thread-safe connection pooling."
optional = false
python-versions = ">=3.8"
files = []

[metadata]
lock-version = "1.1"
python-versions = "^3.8"
content-hash = "abc123def456"
